
Microsoft Visual Studio Solution File, Format Version 12.00
# Visual Studio Version 16
VisualStudioVersion = 16.0.29503.13
MinimumVisualStudioVersion = 10.0.40219.1
Project("{2150E333-8FDC-42A3-9474-1A3956D46DE8}") = "src", "src", "{CEC21295-346D-4369-9511-FBB4BFFE1863}"
EndProject
Project("{2150E333-8FDC-42A3-9474-1A3956D46DE8}") = "Solution Items", "Solution Items", "{236D95BF-5F2A-4EA8-9E93-86AA7051AA6D}"
	ProjectSection(SolutionItems) = preProject
		CreateLocalPackage.ps1 = CreateLocalPackage.ps1
		README.md = README.md
		UpdateNuspecVersion.ps1 = UpdateNuspecVersion.ps1
	EndProjectSection
EndProject
Project("{9A19103F-16F7-4668-BE54-9A1E7A4F7556}") = "LagoVista.IoT.Web.Common", "src\LagoVista.IoT.Web.Common\LagoVista.IoT.Web.Common.csproj", "{3E7F0C75-AD38-4B90-AA7F-A2784DF36C5B}"
EndProject
Project("{2150E333-8FDC-42A3-9474-1A3956D46DE8}") = "samples", "samples", "{3EEEE49B-0643-405B-83C8-1370986A438D}"
EndProject
Project("{9A19103F-16F7-4668-BE54-9A1E7A4F7556}") = "LagoVista.Net.LetsEncrypt", "src\LagoVista.Net.LetsEncrypt\LagoVista.Net.LetsEncrypt.csproj", "{D66BF7F2-8BED-4797-BE70-DFC41A51E59E}"
EndProject
Project("{9A19103F-16F7-4668-BE54-9A1E7A4F7556}") = "WebApp", "samples\WebApp\WebApp.csproj", "{DD93C476-1200-41A5-AD1C-EC008E365501}"
EndProject
Global
	GlobalSection(SolutionConfigurationPlatforms) = preSolution
		Debug|Any CPU = Debug|Any CPU
		Release|Any CPU = Release|Any CPU
	EndGlobalSection
	GlobalSection(ProjectConfigurationPlatforms) = postSolution
		{3E7F0C75-AD38-4B90-AA7F-A2784DF36C5B}.Debug|Any CPU.ActiveCfg = Debug|Any CPU
		{3E7F0C75-AD38-4B90-AA7F-A2784DF36C5B}.Debug|Any CPU.Build.0 = Debug|Any CPU
		{3E7F0C75-AD38-4B90-AA7F-A2784DF36C5B}.Release|Any CPU.ActiveCfg = Release|Any CPU
		{3E7F0C75-AD38-4B90-AA7F-A2784DF36C5B}.Release|Any CPU.Build.0 = Release|Any CPU
		{D66BF7F2-8BED-4797-BE70-DFC41A51E59E}.Debug|Any CPU.ActiveCfg = Debug|Any CPU
		{D66BF7F2-8BED-4797-BE70-DFC41A51E59E}.Debug|Any CPU.Build.0 = Debug|Any CPU
		{D66BF7F2-8BED-4797-BE70-DFC41A51E59E}.Release|Any CPU.ActiveCfg = Release|Any CPU
		{D66BF7F2-8BED-4797-BE70-DFC41A51E59E}.Release|Any CPU.Build.0 = Release|Any CPU
		{DD93C476-1200-41A5-AD1C-EC008E365501}.Debug|Any CPU.ActiveCfg = Debug|Any CPU
		{DD93C476-1200-41A5-AD1C-EC008E365501}.Debug|Any CPU.Build.0 = Debug|Any CPU
		{DD93C476-1200-41A5-AD1C-EC008E365501}.Release|Any CPU.ActiveCfg = Release|Any CPU
		{DD93C476-1200-41A5-AD1C-EC008E365501}.Release|Any CPU.Build.0 = Release|Any CPU
	EndGlobalSection
	GlobalSection(SolutionProperties) = preSolution
		HideSolutionNode = FALSE
	EndGlobalSection
	GlobalSection(NestedProjects) = preSolution
		{3E7F0C75-AD38-4B90-AA7F-A2784DF36C5B} = {CEC21295-346D-4369-9511-FBB4BFFE1863}
		{D66BF7F2-8BED-4797-BE70-DFC41A51E59E} = {CEC21295-346D-4369-9511-FBB4BFFE1863}
		{DD93C476-1200-41A5-AD1C-EC008E365501} = {3EEEE49B-0643-405B-83C8-1370986A438D}
	EndGlobalSection
	GlobalSection(ExtensibilityGlobals) = postSolution
		SolutionGuid = {24DF6E85-CE09-4223-9C0B-D5ED243FE0C7}
	EndGlobalSection
EndGlobal
